<?xml version="1.0" encoding="utf-8"?>
<Project ToolsVersion="4.0" xmlns="http://schemas.microsoft.com/developer/msbuild/2003">
  <ItemGroup>
    <Filter Include="헤더 파일">
      <UniqueIdentifier>{93995380-89BD-4b04-88EB-625FBE52EBFB}</UniqueIdentifier>
      <Extensions>h;hh;hpp;hxx;hm;inl;inc;ipp;xsd</Extensions>
    </Filter>
    <Filter Include="리소스 파일">
      <UniqueIdentifier>{67DA6AB6-F800-4c08-8B7A-83BB121AAD01}</UniqueIdentifier>
      <Extensions>rc;ico;cur;bmp;dlg;rc2;rct;bin;rgs;gif;jpg;jpeg;jpe;resx;tiff;tif;png;wav;mfcribbon-ms</Extensions>
    </Filter>
    <Filter Include="2DFramework">
      <UniqueIdentifier>{771b621e-ae3b-474c-b610-ddc16a0a360f}</UniqueIdentifier>
    </Filter>
    <Filter Include="2DFramework\singletonBase">
      <UniqueIdentifier>{39a0cede-90e4-4e9a-bd8c-8466c02fcc50}</UniqueIdentifier>
    </Filter>
    <Filter Include="PlayGround">
      <UniqueIdentifier>{e37d5369-ec86-4a52-8402-8a314525fb73}</UniqueIdentifier>
    </Filter>
    <Filter Include="2DFramework\Manager">
      <UniqueIdentifier>{793f1ed7-4eab-4a98-beb1-b6c6e0c4a84d}</UniqueIdentifier>
    </Filter>
    <Filter Include="2DFramework\utils">
      <UniqueIdentifier>{dbd96bab-f7e3-4042-b857-1813c2d20e4d}</UniqueIdentifier>
    </Filter>
    <Filter Include="2DFramework\image">
      <UniqueIdentifier>{bcf31d47-2a1e-46e0-a51a-d6382eef19b2}</UniqueIdentifier>
    </Filter>
    <Filter Include="소스 파일">
      <UniqueIdentifier>{4FC737F1-C7A5-4376-A066-2A32D752A2FF}</UniqueIdentifier>
      <Extensions>cpp;c;cc;cxx;def;odl;idl;hpj;bat;asm;asmx</Extensions>
    </Filter>
    <Filter Include="PlayGround\camera">
      <UniqueIdentifier>{9bbbf010-e5b3-454b-8ce6-1c858ef2ede4}</UniqueIdentifier>
    </Filter>
    <Filter Include="2DFramework\timer">
      <UniqueIdentifier>{a0265716-2e25-4e4e-b39c-5ffe93544b5e}</UniqueIdentifier>
    </Filter>
    <Filter Include="2DFramework\txtData">
      <UniqueIdentifier>{c1d72300-ff87-4c0b-930a-8b8b9abebb9e}</UniqueIdentifier>
    </Filter>
    <Filter Include="2DFramework\action">
      <UniqueIdentifier>{bf4876ac-b433-4305-ab75-69a2c1e7adde}</UniqueIdentifier>
    </Filter>
    <Filter Include="2DFramework\animation">
      <UniqueIdentifier>{c9be62ad-2100-428a-b933-248575dff170}</UniqueIdentifier>
    </Filter>
    <Filter Include="2DFramework\button">
      <UniqueIdentifier>{f04acabe-84cc-43ad-9830-9917275fa472}</UniqueIdentifier>
    </Filter>
    <Filter Include="2DFramework\effect">
      <UniqueIdentifier>{6c16437b-1960-48f5-bd50-52809067e246}</UniqueIdentifier>
    </Filter>
    <Filter Include="PlayGround\mapTool">
      <UniqueIdentifier>{5b9fe1a7-7085-4f80-b02e-14b7eff68eb7}</UniqueIdentifier>
    </Filter>
    <Filter Include="PlayGround\map">
      <UniqueIdentifier>{52a6aab5-4c29-4f28-b0c1-06143e4d3349}</UniqueIdentifier>
    </Filter>
    <Filter Include="PlayGround\battleScene">
      <UniqueIdentifier>{072715c2-fedb-4992-92a8-b73874887d2d}</UniqueIdentifier>
    </Filter>
    <Filter Include="PlayGround\townScene">
      <UniqueIdentifier>{6ec0e00d-0b3e-41a0-b3bc-0c7ad903133a}</UniqueIdentifier>
    </Filter>
    <Filter Include="PlayGround\field">
      <UniqueIdentifier>{6017b05f-18f7-4736-bb95-3b11249cc78f}</UniqueIdentifier>
    </Filter>
    <Filter Include="PlayGround\ui">
      <UniqueIdentifier>{fb82d6fe-e2aa-4a9c-8cf1-507fe868475a}</UniqueIdentifier>
    </Filter>
    <Filter Include="PlayGround\npc">
      <UniqueIdentifier>{1b8bcb14-c951-4cb0-bd0d-0656d28fd99a}</UniqueIdentifier>
    </Filter>
    <Filter Include="PlayGround\enemyNpc">
      <UniqueIdentifier>{c1b56b76-5406-492e-91fc-4ce803b975dc}</UniqueIdentifier>
    </Filter>
    <Filter Include="PlayGround\pokemon">
      <UniqueIdentifier>{a53108e5-b726-4a5d-b878-e03a4e561626}</UniqueIdentifier>
    </Filter>
    <Filter Include="PlayGround\player">
      <UniqueIdentifier>{c310319e-0447-4e10-8d72-afb5731657c0}</UniqueIdentifier>
    </Filter>
    <Filter Include="PlayGround\object">
      <UniqueIdentifier>{0961a003-ec0b-4bca-b3f3-2264fa2e1b67}</UniqueIdentifier>
    </Filter>
    <Filter Include="PlayGround\item">
      <UniqueIdentifier>{88380362-976e-4e63-b1ac-0af5258b60cd}</UniqueIdentifier>
    </Filter>
    <Filter Include="PlayGround\objectTool">
      <UniqueIdentifier>{3862a2fa-0288-4ab9-a3ea-23b17bc18348}</UniqueIdentifier>
    </Filter>
    <Filter Include="PlayGround\player\playerData">
      <UniqueIdentifier>{9df3559d-a6f9-47dc-825e-c8e4ef1b5d0e}</UniqueIdentifier>
    </Filter>
    <Filter Include="2DFramework\Manager\font">
      <UniqueIdentifier>{f009092f-1b68-4317-b4cd-87a928eabfc2}</UniqueIdentifier>
    </Filter>
    <Filter Include="PlayGround\loadingScene">
      <UniqueIdentifier>{276b5bee-3ef9-4f6b-a1dd-e64af67d7f72}</UniqueIdentifier>
    </Filter>
    <Filter Include="PlayGround\startScene">
      <UniqueIdentifier>{58c4b3cb-acf4-4b8b-af52-69511a7903e9}</UniqueIdentifier>
    </Filter>
    <Filter Include="PlayGround\loadScene">
      <UniqueIdentifier>{fa4efec6-4331-49f6-8384-7d540f1a657b}</UniqueIdentifier>
    </Filter>
    <Filter Include="2DFramework\menuFrame">
      <UniqueIdentifier>{a597e975-466c-4ca6-a003-f6837cebc204}</UniqueIdentifier>
    </Filter>
    <Filter Include="PlayGround\newGameScene">
      <UniqueIdentifier>{242d706f-a9af-468f-ae1b-2aae74585eb8}</UniqueIdentifier>
    </Filter>
    <Filter Include="PlayGround\IllustratedBook">
      <UniqueIdentifier>{898ffac7-03b8-4ed9-b263-ae7c3c05a774}</UniqueIdentifier>
    </Filter>
    <Filter Include="PlayGround\pokemon\data">
      <UniqueIdentifier>{64963311-2d9d-4467-902d-cb2f74f1eb64}</UniqueIdentifier>
    </Filter>
    <Filter Include="PlayGround\bag">
      <UniqueIdentifier>{3294593f-41d2-4929-b2e0-0796e13147ce}</UniqueIdentifier>
    </Filter>
    <Filter Include="PlayGround\sound">
      <UniqueIdentifier>{a6c783fd-51cd-4c44-a494-83681b7ace7f}</UniqueIdentifier>
    </Filter>
    <Filter Include="PlayGround\jaewonTestScene">
      <UniqueIdentifier>{35ac8f59-90b3-45c0-85dc-bf65376357ca}</UniqueIdentifier>
    </Filter>
    <Filter Include="PlayGround\setting">
      <UniqueIdentifier>{347a256f-5686-42d4-afcb-1da6ffcfd24b}</UniqueIdentifier>
    </Filter>
    <Filter Include="PlayGround\shop">
      <UniqueIdentifier>{b807beb6-3e87-4f28-a78d-ac662bb29f4d}</UniqueIdentifier>
    </Filter>
  </ItemGroup>
  <ItemGroup>
    <ClInclude Include="stdafx.h">
      <Filter>헤더 파일</Filter>
    </ClInclude>
    <ClInclude Include="targetver.h">
      <Filter>헤더 파일</Filter>
    </ClInclude>
    <ClInclude Include="Resource.h">
      <Filter>헤더 파일</Filter>
    </ClInclude>
    <ClInclude Include="singletonBase.h">
      <Filter>2DFramework\singletonBase</Filter>
    </ClInclude>
    <ClInclude Include="randomFunction.h">
      <Filter>헤더 파일</Filter>
    </ClInclude>
    <ClInclude Include="gameNode.h">
      <Filter>2DFramework</Filter>
    </ClInclude>
    <ClInclude Include="keyManager.h">
      <Filter>2DFramework\Manager</Filter>
    </ClInclude>
    <ClInclude Include="image.h">
      <Filter>2DFramework\image</Filter>
    </ClInclude>
    <ClInclude Include="utils.h">
      <Filter>2DFramework\utils</Filter>
    </ClInclude>
    <ClInclude Include="imageManager.h">
      <Filter>2DFramework\Manager</Filter>
    </ClInclude>
    <ClInclude Include="playGround.h">
      <Filter>PlayGround</Filter>
    </ClInclude>
    <ClInclude Include="d2dManager.h">
      <Filter>2DFramework\Manager</Filter>
    </ClInclude>
    <ClInclude Include="camera.h">
      <Filter>PlayGround\camera</Filter>
    </ClInclude>
    <ClInclude Include="txtData.h">
      <Filter>2DFramework\txtData</Filter>
    </ClInclude>
    <ClInclude Include="timer.h">
      <Filter>2DFramework\timer</Filter>
    </ClInclude>
    <ClInclude Include="timeManager.h">
      <Filter>2DFramework\Manager</Filter>
    </ClInclude>
    <ClInclude Include="animation.h">
      <Filter>2DFramework\animation</Filter>
    </ClInclude>
    <ClInclude Include="action.h">
      <Filter>2DFramework\action</Filter>
    </ClInclude>
    <ClInclude Include="sceneManager.h">
      <Filter>2DFramework\Manager</Filter>
    </ClInclude>
    <ClInclude Include="button.h">
      <Filter>2DFramework\button</Filter>
    </ClInclude>
    <ClInclude Include="effect.h">
      <Filter>2DFramework\effect</Filter>
    </ClInclude>
    <ClInclude Include="keyAniManager.h">
      <Filter>2DFramework\Manager</Filter>
    </ClInclude>
    <ClInclude Include="iniDataManager.h">
      <Filter>2DFramework\Manager</Filter>
    </ClInclude>
    <ClInclude Include="soundManager.h">
      <Filter>2DFramework\Manager</Filter>
    </ClInclude>
    <ClInclude Include="tileNode.h">
      <Filter>PlayGround\map</Filter>
    </ClInclude>
    <ClInclude Include="mapToolScene.h">
      <Filter>PlayGround\mapTool</Filter>
    </ClInclude>
    <ClInclude Include="battleScene.h">
      <Filter>PlayGround\battleScene</Filter>
    </ClInclude>
    <ClInclude Include="battleScene2.h">
      <Filter>PlayGround\battleScene</Filter>
    </ClInclude>
    <ClInclude Include="townScene.h">
      <Filter>PlayGround\townScene</Filter>
    </ClInclude>
    <ClInclude Include="field1Scnee.h">
      <Filter>PlayGround\field</Filter>
    </ClInclude>
    <ClInclude Include="objectToolScene.h">
      <Filter>PlayGround\objectTool</Filter>
    </ClInclude>
    <ClInclude Include="player.h">
      <Filter>PlayGround\player</Filter>
    </ClInclude>
    <ClInclude Include="playerDataBase.h">
      <Filter>PlayGround\player\playerData</Filter>
    </ClInclude>
    <ClInclude Include="battle.h">
      <Filter>PlayGround\battleScene</Filter>
    </ClInclude>
    <ClInclude Include="chiyeongTestScene.h">
      <Filter>PlayGround</Filter>
    </ClInclude>
    <ClInclude Include="hayoungTestScene.h">
      <Filter>PlayGround\ui</Filter>
    </ClInclude>
    <ClInclude Include="fontLoaderCommon.h">
      <Filter>2DFramework\Manager\font</Filter>
    </ClInclude>
    <ClInclude Include="fontLoader.h">
      <Filter>2DFramework\Manager\font</Filter>
    </ClInclude>
    <ClInclude Include="loadingScene.h">
      <Filter>PlayGround\loadingScene</Filter>
    </ClInclude>
    <ClInclude Include="startScene.h">
      <Filter>PlayGround\startScene</Filter>
    </ClInclude>
    <ClInclude Include="loadScene.h">
      <Filter>PlayGround\loadScene</Filter>
    </ClInclude>
    <ClInclude Include="menuFrame.h">
      <Filter>2DFramework\menuFrame</Filter>
    </ClInclude>
    <ClInclude Include="menuFrameManager.h">
      <Filter>2DFramework\Manager</Filter>
    </ClInclude>
    <ClInclude Include="item.h">
      <Filter>PlayGround\item</Filter>
    </ClInclude>
    <ClInclude Include="pokemonInfo.h">
      <Filter>PlayGround\pokemon</Filter>
    </ClInclude>
    <ClInclude Include="pokemon.h">
      <Filter>PlayGround\pokemon</Filter>
    </ClInclude>
    <ClInclude Include="pokemonSkill.h">
      <Filter>PlayGround\pokemon</Filter>
    </ClInclude>
    <ClInclude Include="mainUi.h">
      <Filter>PlayGround\ui</Filter>
    </ClInclude>
    <ClInclude Include="itemManager.h">
      <Filter>PlayGround\item</Filter>
    </ClInclude>
    <ClInclude Include="testMap.h">
      <Filter>PlayGround\map</Filter>
    </ClInclude>
    <ClInclude Include="mapData.h">
      <Filter>PlayGround\map</Filter>
    </ClInclude>
    <ClInclude Include="newGameScene.h">
      <Filter>PlayGround\newGameScene</Filter>
    </ClInclude>
    <ClInclude Include="IllustratedBook.h">
      <Filter>PlayGround\IllustratedBook</Filter>
    </ClInclude>
    <ClInclude Include="skillDataBase.h">
      <Filter>PlayGround\pokemon\data</Filter>
    </ClInclude>
    <ClInclude Include="pokemonDataBase.h">
      <Filter>PlayGround\pokemon\data</Filter>
    </ClInclude>
    <ClInclude Include="mapTestScene.h">
      <Filter>PlayGround</Filter>
    </ClInclude>
    <ClInclude Include="objectTool.h">
      <Filter>PlayGround\object</Filter>
    </ClInclude>
    <ClInclude Include="mapTool.h">
      <Filter>PlayGround\mapTool</Filter>
    </ClInclude>
    <ClInclude Include="bag.h">
      <Filter>PlayGround\bag</Filter>
    </ClInclude>
    <ClInclude Include="battleUI.h">
      <Filter>PlayGround\battleScene</Filter>
    </ClInclude>
    <ClInclude Include="soundFile.h">
      <Filter>PlayGround\sound</Filter>
    </ClInclude>
    <ClInclude Include="jaewonTestScene.h">
      <Filter>PlayGround\jaewonTestScene</Filter>
    </ClInclude>
    <ClInclude Include="setting.h">
      <Filter>PlayGround\setting</Filter>
    </ClInclude>
    <ClInclude Include="shop.h">
      <Filter>PlayGround\shop</Filter>
    </ClInclude>
  </ItemGroup>
  <ItemGroup>
    <ClCompile Include="stdafx.cpp">
      <Filter>소스 파일</Filter>
    </ClCompile>
    <ClCompile Include="windowsAPI.cpp">
      <Filter>소스 파일</Filter>
    </ClCompile>
    <ClCompile Include="gameNode.cpp">
      <Filter>2DFramework</Filter>
    </ClCompile>
    <ClCompile Include="playGround.cpp">
      <Filter>PlayGround</Filter>
    </ClCompile>
    <ClCompile Include="keyManager.cpp">
      <Filter>2DFramework\Manager</Filter>
    </ClCompile>
    <ClCompile Include="image.cpp">
      <Filter>2DFramework\image</Filter>
    </ClCompile>
    <ClCompile Include="utils.cpp">
      <Filter>2DFramework\utils</Filter>
    </ClCompile>
    <ClCompile Include="imageManager.cpp">
      <Filter>2DFramework\Manager</Filter>
    </ClCompile>
    <ClCompile Include="d2dManager.cpp">
      <Filter>2DFramework\Manager</Filter>
    </ClCompile>
    <ClCompile Include="camera.cpp">
      <Filter>PlayGround\camera</Filter>
    </ClCompile>
    <ClCompile Include="txtData.cpp">
      <Filter>2DFramework\txtData</Filter>
    </ClCompile>
    <ClCompile Include="timer.cpp">
      <Filter>2DFramework\timer</Filter>
    </ClCompile>
    <ClCompile Include="timeManager.cpp">
      <Filter>2DFramework\Manager</Filter>
    </ClCompile>
    <ClCompile Include="animation.cpp">
      <Filter>2DFramework\animation</Filter>
    </ClCompile>
    <ClCompile Include="action.cpp">
      <Filter>2DFramework\action</Filter>
    </ClCompile>
    <ClCompile Include="sceneManager.cpp">
      <Filter>2DFramework\Manager</Filter>
    </ClCompile>
    <ClCompile Include="button.cpp">
      <Filter>2DFramework\button</Filter>
    </ClCompile>
    <ClCompile Include="effect.cpp">
      <Filter>2DFramework\effect</Filter>
    </ClCompile>
    <ClCompile Include="iniDataManager.cpp">
      <Filter>2DFramework\Manager</Filter>
    </ClCompile>
    <ClCompile Include="keyAniManager.cpp">
      <Filter>2DFramework\Manager</Filter>
    </ClCompile>
    <ClCompile Include="soundManager.cpp">
      <Filter>2DFramework\Manager</Filter>
    </ClCompile>
    <ClCompile Include="mapToolScene.cpp">
      <Filter>PlayGround\mapTool</Filter>
    </ClCompile>
    <ClCompile Include="battleScene.cpp">
      <Filter>PlayGround\battleScene</Filter>
    </ClCompile>
    <ClCompile Include="battleScene2.cpp">
      <Filter>PlayGround\battleScene</Filter>
    </ClCompile>
    <ClCompile Include="townScene.cpp">
      <Filter>PlayGround\townScene</Filter>
    </ClCompile>
    <ClCompile Include="field1Scnee.cpp">
      <Filter>PlayGround\field</Filter>
    </ClCompile>
    <ClCompile Include="objectToolScene.cpp">
      <Filter>PlayGround\objectTool</Filter>
    </ClCompile>
    <ClCompile Include="player.cpp">
      <Filter>PlayGround\player</Filter>
    </ClCompile>
    <ClCompile Include="playerDataBase.cpp">
      <Filter>PlayGround\player\playerData</Filter>
    </ClCompile>
    <ClCompile Include="chiyeongTestScene.cpp">
      <Filter>PlayGround</Filter>
    </ClCompile>
    <ClCompile Include="hayoungTestScene.cpp">
      <Filter>PlayGround\ui</Filter>
    </ClCompile>
    <ClCompile Include="fontLoader.cpp">
      <Filter>2DFramework\Manager\font</Filter>
    </ClCompile>
    <ClCompile Include="loadingScene.cpp">
      <Filter>PlayGround\loadingScene</Filter>
    </ClCompile>
    <ClCompile Include="startScene.cpp">
      <Filter>PlayGround\startScene</Filter>
    </ClCompile>
    <ClCompile Include="loadScene.cpp">
      <Filter>PlayGround\loadScene</Filter>
    </ClCompile>
    <ClCompile Include="menuFrame.cpp">
      <Filter>2DFramework\menuFrame</Filter>
    </ClCompile>
    <ClCompile Include="menuFrameManager.cpp">
      <Filter>2DFramework\Manager</Filter>
    </ClCompile>
    <ClCompile Include="item.cpp">
      <Filter>PlayGround\item</Filter>
    </ClCompile>
    <ClCompile Include="pokemonInfo.cpp">
      <Filter>PlayGround\pokemon</Filter>
    </ClCompile>
    <ClCompile Include="pokemon.cpp">
      <Filter>PlayGround\pokemon</Filter>
    </ClCompile>
    <ClCompile Include="pokemonSkill.cpp">
      <Filter>PlayGround\pokemon</Filter>
    </ClCompile>
    <ClCompile Include="mainUi.cpp">
      <Filter>PlayGround\ui</Filter>
    </ClCompile>
    <ClCompile Include="itemManager.cpp">
      <Filter>PlayGround\item</Filter>
    </ClCompile>
    <ClCompile Include="testMap.cpp">
      <Filter>PlayGround\map</Filter>
    </ClCompile>
    <ClCompile Include="mapData.cpp">
      <Filter>PlayGround\map</Filter>
    </ClCompile>
    <ClCompile Include="newGameScene.cpp">
      <Filter>PlayGround\newGameScene</Filter>
    </ClCompile>
    <ClCompile Include="IllustratedBook.cpp">
      <Filter>PlayGround\IllustratedBook</Filter>
    </ClCompile>
    <ClCompile Include="skillDataBase.cpp">
      <Filter>PlayGround\pokemon\data</Filter>
    </ClCompile>
    <ClCompile Include="pokemonDataBase.cpp">
      <Filter>PlayGround\pokemon\data</Filter>
    </ClCompile>
    <ClCompile Include="mapTestScene.cpp">
      <Filter>PlayGround</Filter>
    </ClCompile>
    <ClCompile Include="objectTool.cpp">
      <Filter>PlayGround\object</Filter>
    </ClCompile>
    <ClCompile Include="mapTool.cpp">
      <Filter>PlayGround\mapTool</Filter>
    </ClCompile>
    <ClCompile Include="bag.cpp">
      <Filter>PlayGround\bag</Filter>
    </ClCompile>
    <ClCompile Include="battleUI.cpp">
      <Filter>PlayGround\battleScene</Filter>
    </ClCompile>
    <ClCompile Include="jaewonTestScene.cpp">
      <Filter>PlayGround\jaewonTestScene</Filter>
    </ClCompile>
    <ClCompile Include="setting.cpp">
      <Filter>PlayGround\setting</Filter>
    </ClCompile>
    <ClCompile Include="shop.cpp">
      <Filter>PlayGround\shop</Filter>
    </ClCompile>
  </ItemGroup>
  <ItemGroup>
    <ResourceCompile Include="windowsAPI.rc">
      <Filter>리소스 파일</Filter>
    </ResourceCompile>
  </ItemGroup>
  <ItemGroup>
    <Image Include="small.ico">
      <Filter>리소스 파일</Filter>
    </Image>
    <Image Include="windowsAPI.ico">
      <Filter>리소스 파일</Filter>
    </Image>
  </ItemGroup>
  <ItemGroup>
    <None Include="Menu.cur">
      <Filter>리소스 파일</Filter>
    </None>
  </ItemGroup>
</Project>